{
  "version": 4,
  "terraform_version": "1.10.5",
  "serial": 97,
  "lineage": "519bb5dc-2d60-bafd-912d-2ceaef742514",
  "outputs": {
    "artifact_registry_repository": {
      "value": "discourse-bot-repo",
      "type": "string"
    },
    "cloud_run_url": {
      "value": "https://discourse-bot-jfdj7eiqkq-an.a.run.app",
      "type": "string"
    },
    "deployed_index_id": {
      "value": "projects/digitaldemocracy2030/locations/asia-northeast1/indexEndpoints/2874440054355263488/deployedIndex/deployed_index_discourse_topics_index",
      "type": "string"
    },
    "service_account_email": {
      "value": "discourse-bot-sa@digitaldemocracy2030.iam.gserviceaccount.com",
      "type": "string"
    },
    "subnet_id": {
      "value": "projects/digitaldemocracy2030/regions/asia-northeast1/subnetworks/cloud-run-subnet",
      "type": "string"
    },
    "vector_search_bucket": {
      "value": "digitaldemocracy2030-vector-search",
      "type": "string"
    },
    "vector_search_endpoint_id": {
      "value": "projects/digitaldemocracy2030/locations/asia-northeast1/indexEndpoints/2874440054355263488",
      "type": "string"
    },
    "vector_search_index_id": {
      "value": "projects/digitaldemocracy2030/locations/asia-northeast1/indexes/5099253454648377344",
      "type": "string"
    },
    "vpc_connector_id": {
      "value": "projects/digitaldemocracy2030/locations/asia-northeast1/connectors/cloud-run-connector",
      "type": "string"
    },
    "vpc_id": {
      "value": "projects/digitaldemocracy2030/global/networks/cloud-run-vpc",
      "type": "string"
    }
  },
  "resources": [
    {
      "mode": "managed",
      "type": "google_artifact_registry_repository",
      "name": "repo",
      "provider": "provider[\"registry.terraform.io/hashicorp/google\"]",
      "instances": [
        {
          "schema_version": 0,
          "attributes": {
            "cleanup_policies": [],
            "cleanup_policy_dry_run": false,
            "create_time": "2025-02-12T05:33:05.879312Z",
            "description": "",
            "docker_config": [],
            "effective_labels": {},
            "format": "DOCKER",
            "id": "projects/digitaldemocracy2030/locations/asia-northeast1/repositories/discourse-bot-repo",
            "kms_key_name": "",
            "labels": {},
            "location": "asia-northeast1",
            "maven_config": [],
            "mode": "STANDARD_REPOSITORY",
            "name": "discourse-bot-repo",
            "project": "digitaldemocracy2030",
            "remote_repository_config": [],
            "repository_id": "discourse-bot-repo",
            "terraform_labels": {},
            "timeouts": null,
            "update_time": "2025-02-26T15:48:56.568333Z",
            "virtual_repository_config": []
          },
          "sensitive_attributes": [],
          "private": "eyJlMmJmYjczMC1lY2FhLTExZTYtOGY4OC0zNDM2M2JjN2M0YzAiOnsiY3JlYXRlIjoxMjAwMDAwMDAwMDAwLCJkZWxldGUiOjEyMDAwMDAwMDAwMDAsInVwZGF0ZSI6MTIwMDAwMDAwMDAwMH19"
        }
      ]
    },
    {
      "mode": "managed",
      "type": "google_cloud_run_service",
      "name": "service",
      "provider": "provider[\"registry.terraform.io/hashicorp/google\"]",
      "instances": [
        {
          "schema_version": 2,
          "attributes": {
            "autogenerate_revision_name": false,
            "id": "locations/asia-northeast1/namespaces/digitaldemocracy2030/services/discourse-bot",
            "location": "asia-northeast1",
            "metadata": [
              {
                "annotations": {
                  "run.googleapis.com/urls": "[\"https://discourse-bot-756967799775.asia-northeast1.run.app\",\"https://discourse-bot-jfdj7eiqkq-an.a.run.app\"]"
                },
                "effective_annotations": {
                  "run.googleapis.com/client-name": "gcloud",
                  "run.googleapis.com/client-version": "512.0.0",
                  "run.googleapis.com/ingress": "all",
                  "run.googleapis.com/ingress-status": "all",
                  "run.googleapis.com/operation-id": "a452147b-7f13-47f4-b943-2a585031bb9c",
                  "run.googleapis.com/urls": "[\"https://discourse-bot-756967799775.asia-northeast1.run.app\",\"https://discourse-bot-jfdj7eiqkq-an.a.run.app\"]",
                  "serving.knative.dev/creator": "kainekominto299@gmail.com",
                  "serving.knative.dev/lastModifier": "github-actions@digitaldemocracy2030.iam.gserviceaccount.com"
                },
                "effective_labels": {
                  "cloud.googleapis.com/location": "asia-northeast1",
                  "commit-sha": "eafd73a40ce3b2c14daae5de848c981c38a0fdc0",
                  "managed-by": "github-actions"
                },
                "generation": 10,
                "labels": {},
                "namespace": "digitaldemocracy2030",
                "resource_version": "AAYvDYQpIWA",
                "self_link": "/apis/serving.knative.dev/v1/namespaces/756967799775/services/discourse-bot",
                "terraform_labels": {},
                "uid": "6eddac20-7eb8-4f27-9483-6a9b7075f79a"
              }
            ],
            "name": "discourse-bot",
            "project": "digitaldemocracy2030",
            "status": [
              {
                "conditions": [
                  {
                    "message": "",
                    "reason": "",
                    "status": "True",
                    "type": "Ready"
                  },
                  {
                    "message": "",
                    "reason": "",
                    "status": "True",
                    "type": "ConfigurationsReady"
                  },
                  {
                    "message": "",
                    "reason": "",
                    "status": "True",
                    "type": "RoutesReady"
                  }
                ],
                "latest_created_revision_name": "discourse-bot-00010-wjb",
                "latest_ready_revision_name": "discourse-bot-00010-wjb",
                "observed_generation": 10,
                "traffic": [
                  {
                    "latest_revision": true,
                    "percent": 100,
                    "revision_name": "discourse-bot-00010-wjb",
                    "tag": "",
                    "url": ""
                  }
                ],
                "url": "https://discourse-bot-jfdj7eiqkq-an.a.run.app"
              }
            ],
            "template": [
              {
                "metadata": [
                  {
                    "annotations": {
                      "autoscaling.knative.dev/maxScale": "3",
                      "autoscaling.knative.dev/minScale": "0",
                      "run.googleapis.com/client-name": "gcloud",
                      "run.googleapis.com/client-version": "512.0.0",
                      "run.googleapis.com/vpc-access-connector": "projects/digitaldemocracy2030/locations/asia-northeast1/connectors/cloud-run-connector",
                      "run.googleapis.com/vpc-access-egress": "private-ranges-only"
                    },
                    "generation": 0,
                    "labels": {
                      "client.knative.dev/nonce": "vbmnmzoahp",
                      "commit-sha": "eafd73a40ce3b2c14daae5de848c981c38a0fdc0",
                      "managed-by": "github-actions",
                      "run.googleapis.com/startupProbeType": "Default"
                    },
                    "name": "",
                    "namespace": "",
                    "resource_version": "",
                    "self_link": "",
                    "uid": ""
                  }
                ],
                "spec": [
                  {
                    "container_concurrency": 80,
                    "containers": [
                      {
                        "args": [],
                        "command": [],
                        "env": [
                          {
                            "name": "APP_API_KEY",
                            "value": "d8e05c2f7b3a914e8856d7c9f31b8a6e4f2c9d1a5b7e3f8c0a2d4b6e8f0c2a1",
                            "value_from": []
                          },
                          {
                            "name": "DISCOURSE_API_KEY",
                            "value": "9e53dbd9a04e000ff9c1d68f1a4e4d7a2cee4da372fb25c614832b0bdbfa5a5a",
                            "value_from": []
                          },
                          {
                            "name": "DISCOURSE_BASE_URL",
                            "value": "https://large-scale-conversation-sandbox.discourse.group/",
                            "value_from": []
                          },
                          {
                            "name": "GEMINI_API_KEY",
                            "value": "AIzaSyDDAPcXIeEyOzaOnrbS28RqiLSuajn9PJU",
                            "value_from": []
                          }
                        ],
                        "env_from": [],
                        "image": "asia-northeast1-docker.pkg.dev/digitaldemocracy2030/discourse-bot-repo/discourse-bot:eafd73a40ce3b2c14daae5de848c981c38a0fdc0",
                        "liveness_probe": [],
                        "name": "",
                        "ports": [
                          {
                            "container_port": 8000,
                            "name": "http1",
                            "protocol": ""
                          }
                        ],
                        "resources": [
                          {
                            "limits": {
                              "cpu": "1000m",
                              "memory": "512Mi"
                            },
                            "requests": {}
                          }
                        ],
                        "startup_probe": [
                          {
                            "failure_threshold": 1,
                            "grpc": [],
                            "http_get": [],
                            "initial_delay_seconds": 0,
                            "period_seconds": 240,
                            "tcp_socket": [
                              {
                                "port": 8000
                              }
                            ],
                            "timeout_seconds": 240
                          }
                        ],
                        "volume_mounts": [],
                        "working_dir": ""
                      }
                    ],
                    "service_account_name": "discourse-bot-sa@digitaldemocracy2030.iam.gserviceaccount.com",
                    "serving_state": "",
                    "timeout_seconds": 300,
                    "volumes": []
                  }
                ]
              }
            ],
            "timeouts": null,
            "traffic": [
              {
                "latest_revision": true,
                "percent": 100,
                "revision_name": "",
                "tag": "",
                "url": ""
              }
            ]
          },
          "sensitive_attributes": [],
          "private": "eyJlMmJmYjczMC1lY2FhLTExZTYtOGY4OC0zNDM2M2JjN2M0YzAiOnsiY3JlYXRlIjoxMjAwMDAwMDAwMDAwLCJkZWxldGUiOjEyMDAwMDAwMDAwMDAsInVwZGF0ZSI6MTIwMDAwMDAwMDAwMH0sInNjaGVtYV92ZXJzaW9uIjoiMiJ9",
          "dependencies": [
            "google_artifact_registry_repository.repo",
            "google_compute_network.vpc",
            "google_project_service.required_apis",
            "google_service_account.cloud_run_sa",
            "google_vpc_access_connector.connector"
          ]
        }
      ]
    },
    {
      "mode": "managed",
      "type": "google_cloud_run_service_iam_member",
      "name": "public",
      "provider": "provider[\"registry.terraform.io/hashicorp/google\"]",
      "instances": [
        {
          "schema_version": 0,
          "attributes": {
            "condition": [],
            "etag": "BwYt68J95Fo=",
            "id": "v1/projects/digitaldemocracy2030/locations/asia-northeast1/services/discourse-bot/roles/run.invoker/allUsers",
            "location": "asia-northeast1",
            "member": "allUsers",
            "project": "digitaldemocracy2030",
            "role": "roles/run.invoker",
            "service": "v1/projects/digitaldemocracy2030/locations/asia-northeast1/services/discourse-bot"
          },
          "sensitive_attributes": [],
          "private": "bnVsbA==",
          "dependencies": [
            "google_artifact_registry_repository.repo",
            "google_cloud_run_service.service",
            "google_compute_network.vpc",
            "google_project_service.required_apis",
            "google_service_account.cloud_run_sa",
            "google_vpc_access_connector.connector"
          ]
        }
      ]
    },
    {
      "mode": "managed",
      "type": "google_compute_network",
      "name": "vpc",
      "provider": "provider[\"registry.terraform.io/hashicorp/google\"]",
      "instances": [
        {
          "schema_version": 0,
          "attributes": {
            "auto_create_subnetworks": false,
            "delete_default_routes_on_create": false,
            "description": "",
            "enable_ula_internal_ipv6": false,
            "gateway_ipv4": "",
            "id": "projects/digitaldemocracy2030/global/networks/cloud-run-vpc",
            "internal_ipv6_range": "",
            "mtu": 0,
            "name": "cloud-run-vpc",
            "network_firewall_policy_enforcement_order": "AFTER_CLASSIC_FIREWALL",
            "numeric_id": "7468561141409614975",
            "project": "digitaldemocracy2030",
            "routing_mode": "REGIONAL",
            "self_link": "https://www.googleapis.com/compute/v1/projects/digitaldemocracy2030/global/networks/cloud-run-vpc",
            "timeouts": null
          },
          "sensitive_attributes": [],
          "private": "eyJlMmJmYjczMC1lY2FhLTExZTYtOGY4OC0zNDM2M2JjN2M0YzAiOnsiY3JlYXRlIjoxMjAwMDAwMDAwMDAwLCJkZWxldGUiOjEyMDAwMDAwMDAwMDAsInVwZGF0ZSI6MTIwMDAwMDAwMDAwMH19",
          "dependencies": [
            "google_project_service.required_apis"
          ]
        }
      ]
    },
    {
      "mode": "managed",
      "type": "google_compute_subnetwork",
      "name": "subnet",
      "provider": "provider[\"registry.terraform.io/hashicorp/google\"]",
      "instances": [
        {
          "schema_version": 0,
          "attributes": {
            "creation_timestamp": "2025-02-11T21:33:20.549-08:00",
            "description": "",
            "external_ipv6_prefix": "",
            "fingerprint": null,
            "gateway_address": "10.0.0.1",
            "id": "projects/digitaldemocracy2030/regions/asia-northeast1/subnetworks/cloud-run-subnet",
            "internal_ipv6_prefix": "",
            "ip_cidr_range": "10.0.0.0/24",
            "ipv6_access_type": "",
            "ipv6_cidr_range": "",
            "log_config": [],
            "name": "cloud-run-subnet",
            "network": "https://www.googleapis.com/compute/v1/projects/digitaldemocracy2030/global/networks/cloud-run-vpc",
            "private_ip_google_access": true,
            "private_ipv6_google_access": "DISABLE_GOOGLE_ACCESS",
            "project": "digitaldemocracy2030",
            "purpose": "PRIVATE",
            "region": "asia-northeast1",
            "role": "",
            "secondary_ip_range": [],
            "self_link": "https://www.googleapis.com/compute/v1/projects/digitaldemocracy2030/regions/asia-northeast1/subnetworks/cloud-run-subnet",
            "send_secondary_ip_range_if_empty": null,
            "stack_type": "IPV4_ONLY",
            "timeouts": null
          },
          "sensitive_attributes": [],
          "private": "eyJlMmJmYjczMC1lY2FhLTExZTYtOGY4OC0zNDM2M2JjN2M0YzAiOnsiY3JlYXRlIjoxMjAwMDAwMDAwMDAwLCJkZWxldGUiOjEyMDAwMDAwMDAwMDAsInVwZGF0ZSI6MTIwMDAwMDAwMDAwMH19",
          "dependencies": [
            "google_compute_network.vpc",
            "google_project_service.required_apis"
          ]
        }
      ]
    },
    {
      "mode": "managed",
      "type": "google_project_iam_member",
      "name": "storage_object_user",
      "provider": "provider[\"registry.terraform.io/hashicorp/google\"]",
      "instances": [
        {
          "schema_version": 0,
          "attributes": {
            "condition": [],
            "etag": "BwYvBlrfjGI=",
            "id": "digitaldemocracy2030/roles/storage.objectUser/serviceAccount:discourse-bot-sa@digitaldemocracy2030.iam.gserviceaccount.com",
            "member": "serviceAccount:discourse-bot-sa@digitaldemocracy2030.iam.gserviceaccount.com",
            "project": "digitaldemocracy2030",
            "role": "roles/storage.objectUser"
          },
          "sensitive_attributes": [],
          "private": "bnVsbA==",
          "dependencies": [
            "google_service_account.cloud_run_sa"
          ]
        }
      ]
    },
    {
      "mode": "managed",
      "type": "google_project_iam_member",
      "name": "vertex_ai_user",
      "provider": "provider[\"registry.terraform.io/hashicorp/google\"]",
      "instances": [
        {
          "schema_version": 0,
          "attributes": {
            "condition": [],
            "etag": "BwYvBlrfjGI=",
            "id": "digitaldemocracy2030/roles/aiplatform.user/serviceAccount:discourse-bot-sa@digitaldemocracy2030.iam.gserviceaccount.com",
            "member": "serviceAccount:discourse-bot-sa@digitaldemocracy2030.iam.gserviceaccount.com",
            "project": "digitaldemocracy2030",
            "role": "roles/aiplatform.user"
          },
          "sensitive_attributes": [],
          "private": "bnVsbA==",
          "dependencies": [
            "google_service_account.cloud_run_sa"
          ]
        }
      ]
    },
    {
      "mode": "managed",
      "type": "google_project_service",
      "name": "required_apis",
      "provider": "provider[\"registry.terraform.io/hashicorp/google\"]",
      "instances": [
        {
          "index_key": "aiplatform.googleapis.com",
          "schema_version": 0,
          "attributes": {
            "disable_dependent_services": true,
            "disable_on_destroy": false,
            "id": "digitaldemocracy2030/aiplatform.googleapis.com",
            "project": "digitaldemocracy2030",
            "service": "aiplatform.googleapis.com",
            "timeouts": null
          },
          "sensitive_attributes": [],
          "private": "eyJlMmJmYjczMC1lY2FhLTExZTYtOGY4OC0zNDM2M2JjN2M0YzAiOnsiY3JlYXRlIjoxMjAwMDAwMDAwMDAwLCJkZWxldGUiOjEyMDAwMDAwMDAwMDAsInJlYWQiOjYwMDAwMDAwMDAwMCwidXBkYXRlIjoxMjAwMDAwMDAwMDAwfX0="
        },
        {
          "index_key": "artifactregistry.googleapis.com",
          "schema_version": 0,
          "attributes": {
            "disable_dependent_services": true,
            "disable_on_destroy": false,
            "id": "digitaldemocracy2030/artifactregistry.googleapis.com",
            "project": "digitaldemocracy2030",
            "service": "artifactregistry.googleapis.com",
            "timeouts": null
          },
          "sensitive_attributes": [],
          "private": "eyJlMmJmYjczMC1lY2FhLTExZTYtOGY4OC0zNDM2M2JjN2M0YzAiOnsiY3JlYXRlIjoxMjAwMDAwMDAwMDAwLCJkZWxldGUiOjEyMDAwMDAwMDAwMDAsInJlYWQiOjYwMDAwMDAwMDAwMCwidXBkYXRlIjoxMjAwMDAwMDAwMDAwfX0="
        },
        {
          "index_key": "compute.googleapis.com",
          "schema_version": 0,
          "attributes": {
            "disable_dependent_services": true,
            "disable_on_destroy": false,
            "id": "digitaldemocracy2030/compute.googleapis.com",
            "project": "digitaldemocracy2030",
            "service": "compute.googleapis.com",
            "timeouts": null
          },
          "sensitive_attributes": [],
          "private": "eyJlMmJmYjczMC1lY2FhLTExZTYtOGY4OC0zNDM2M2JjN2M0YzAiOnsiY3JlYXRlIjoxMjAwMDAwMDAwMDAwLCJkZWxldGUiOjEyMDAwMDAwMDAwMDAsInJlYWQiOjYwMDAwMDAwMDAwMCwidXBkYXRlIjoxMjAwMDAwMDAwMDAwfX0="
        },
        {
          "index_key": "storage.googleapis.com",
          "schema_version": 0,
          "attributes": {
            "disable_dependent_services": true,
            "disable_on_destroy": false,
            "id": "digitaldemocracy2030/storage.googleapis.com",
            "project": "digitaldemocracy2030",
            "service": "storage.googleapis.com",
            "timeouts": null
          },
          "sensitive_attributes": [],
          "private": "eyJlMmJmYjczMC1lY2FhLTExZTYtOGY4OC0zNDM2M2JjN2M0YzAiOnsiY3JlYXRlIjoxMjAwMDAwMDAwMDAwLCJkZWxldGUiOjEyMDAwMDAwMDAwMDAsInJlYWQiOjYwMDAwMDAwMDAwMCwidXBkYXRlIjoxMjAwMDAwMDAwMDAwfX0="
        },
        {
          "index_key": "vpcaccess.googleapis.com",
          "schema_version": 0,
          "attributes": {
            "disable_dependent_services": true,
            "disable_on_destroy": false,
            "id": "digitaldemocracy2030/vpcaccess.googleapis.com",
            "project": "digitaldemocracy2030",
            "service": "vpcaccess.googleapis.com",
            "timeouts": null
          },
          "sensitive_attributes": [],
          "private": "eyJlMmJmYjczMC1lY2FhLTExZTYtOGY4OC0zNDM2M2JjN2M0YzAiOnsiY3JlYXRlIjoxMjAwMDAwMDAwMDAwLCJkZWxldGUiOjEyMDAwMDAwMDAwMDAsInJlYWQiOjYwMDAwMDAwMDAwMCwidXBkYXRlIjoxMjAwMDAwMDAwMDAwfX0="
        }
      ]
    },
    {
      "mode": "managed",
      "type": "google_service_account",
      "name": "cloud_run_sa",
      "provider": "provider[\"registry.terraform.io/hashicorp/google\"]",
      "instances": [
        {
          "schema_version": 0,
          "attributes": {
            "account_id": "discourse-bot-sa",
            "create_ignore_already_exists": null,
            "description": "",
            "disabled": false,
            "display_name": "Service Account for discourse-bot Cloud Run service",
            "email": "discourse-bot-sa@digitaldemocracy2030.iam.gserviceaccount.com",
            "id": "projects/digitaldemocracy2030/serviceAccounts/discourse-bot-sa@digitaldemocracy2030.iam.gserviceaccount.com",
            "member": "serviceAccount:discourse-bot-sa@digitaldemocracy2030.iam.gserviceaccount.com",
            "name": "projects/digitaldemocracy2030/serviceAccounts/discourse-bot-sa@digitaldemocracy2030.iam.gserviceaccount.com",
            "project": "digitaldemocracy2030",
            "timeouts": null,
            "unique_id": "109352897680451074108"
          },
          "sensitive_attributes": [],
          "private": "eyJlMmJmYjczMC1lY2FhLTExZTYtOGY4OC0zNDM2M2JjN2M0YzAiOnsiY3JlYXRlIjozMDAwMDAwMDAwMDB9fQ=="
        }
      ]
    },
    {
      "mode": "managed",
      "type": "google_storage_bucket",
      "name": "vector_search_bucket",
      "provider": "provider[\"registry.terraform.io/hashicorp/google\"]",
      "instances": [
        {
          "schema_version": 2,
          "attributes": {
            "autoclass": [],
            "cors": [],
            "custom_placement_config": [],
            "default_event_based_hold": false,
            "effective_labels": {},
            "enable_object_retention": false,
            "encryption": [],
            "force_destroy": true,
            "id": "digitaldemocracy2030-vector-search",
            "labels": {},
            "lifecycle_rule": [],
            "location": "ASIA-NORTHEAST1",
            "logging": [],
            "name": "digitaldemocracy2030-vector-search",
            "project": "digitaldemocracy2030",
            "project_number": 756967799775,
            "public_access_prevention": "inherited",
            "requester_pays": false,
            "retention_policy": [],
            "rpo": null,
            "self_link": "https://www.googleapis.com/storage/v1/b/digitaldemocracy2030-vector-search",
            "soft_delete_policy": [
              {
                "effective_time": "2025-02-26T07:16:42.134Z",
                "retention_duration_seconds": 604800
              }
            ],
            "storage_class": "STANDARD",
            "terraform_labels": {},
            "timeouts": null,
            "uniform_bucket_level_access": true,
            "url": "gs://digitaldemocracy2030-vector-search",
            "versioning": [],
            "website": []
          },
          "sensitive_attributes": [],
          "private": "eyJlMmJmYjczMC1lY2FhLTExZTYtOGY4OC0zNDM2M2JjN2M0YzAiOnsiY3JlYXRlIjo2MDAwMDAwMDAwMDAsInJlYWQiOjI0MDAwMDAwMDAwMCwidXBkYXRlIjoyNDAwMDAwMDAwMDB9LCJzY2hlbWFfdmVyc2lvbiI6IjIifQ==",
          "dependencies": [
            "google_project_service.required_apis"
          ]
        }
      ]
    },
    {
      "mode": "managed",
      "type": "google_vertex_ai_index",
      "name": "vector_search_index",
      "provider": "provider[\"registry.terraform.io/hashicorp/google\"]",
      "instances": [
        {
          "schema_version": 0,
          "attributes": {
            "create_time": "2025-02-26T14:53:50.306147Z",
            "deployed_indexes": [
              {
                "deployed_index_id": "deployed_index_discourse_topics_index",
                "index_endpoint": "projects/756967799775/locations/asia-northeast1/indexEndpoints/2874440054355263488"
              }
            ],
            "description": "Vector Search Index for topic similarity detection",
            "display_name": "discourse-topics-index",
            "effective_labels": {},
            "etag": null,
            "id": "projects/digitaldemocracy2030/locations/asia-northeast1/indexes/5099253454648377344",
            "index_stats": [
              {
                "shards_count": 1,
                "vectors_count": ""
              }
            ],
            "index_update_method": "STREAM_UPDATE",
            "labels": {},
            "metadata": [
              {
                "config": [
                  {
                    "algorithm_config": [
                      {
                        "brute_force_config": [],
                        "tree_ah_config": [
                          {
                            "leaf_node_embedding_count": 100,
                            "leaf_nodes_to_search_percent": 5
                          }
                        ]
                      }
                    ],
                    "approximate_neighbors_count": 50,
                    "dimensions": 768,
                    "distance_measure_type": "DOT_PRODUCT_DISTANCE",
                    "feature_norm_type": "NONE",
                    "shard_size": "SHARD_SIZE_SMALL"
                  }
                ],
                "contents_delta_uri": "gs://digitaldemocracy2030-vector-search/index-contents",
                "is_complete_overwrite": false
              }
            ],
            "metadata_schema_uri": "gs://google-cloud-aiplatform/schema/matchingengine/metadata/nearest_neighbor_search_1.0.0.yaml",
            "name": "5099253454648377344",
            "project": "digitaldemocracy2030",
            "region": "asia-northeast1",
            "terraform_labels": {},
            "timeouts": null,
            "update_time": "2025-02-26T14:54:31.863932Z"
          },
          "sensitive_attributes": [],
          "private": "eyJlMmJmYjczMC1lY2FhLTExZTYtOGY4OC0zNDM2M2JjN2M0YzAiOnsiY3JlYXRlIjoxMDgwMDAwMDAwMDAwMCwiZGVsZXRlIjoxMDgwMDAwMDAwMDAwMCwidXBkYXRlIjoxMDgwMDAwMDAwMDAwMH19",
          "dependencies": [
            "google_project_service.required_apis",
            "google_storage_bucket.vector_search_bucket"
          ]
        }
      ]
    },
    {
      "mode": "managed",
      "type": "google_vertex_ai_index_endpoint",
      "name": "vector_search_endpoint",
      "provider": "provider[\"registry.terraform.io/hashicorp/google\"]",
      "instances": [
        {
          "schema_version": 0,
          "attributes": {
            "create_time": "2025-02-26T07:16:42.427075Z",
            "description": "Vector Search Endpoint for topic similarity detection",
            "display_name": "discourse-topics-endpoint",
            "effective_labels": {},
            "etag": null,
            "id": "projects/digitaldemocracy2030/locations/asia-northeast1/indexEndpoints/2874440054355263488",
            "labels": {},
            "name": "2874440054355263488",
            "network": "",
            "private_service_connect_config": [
              {
                "enable_private_service_connect": false,
                "project_allowlist": []
              }
            ],
            "project": "digitaldemocracy2030",
            "public_endpoint_domain_name": "309281229.asia-northeast1-756967799775.vdb.vertexai.goog",
            "public_endpoint_enabled": null,
            "region": "asia-northeast1",
            "terraform_labels": {},
            "timeouts": null,
            "update_time": "2025-02-26T07:18:46.385269Z"
          },
          "sensitive_attributes": [],
          "private": "eyJlMmJmYjczMC1lY2FhLTExZTYtOGY4OC0zNDM2M2JjN2M0YzAiOnsiY3JlYXRlIjoxMjAwMDAwMDAwMDAwLCJkZWxldGUiOjEyMDAwMDAwMDAwMDAsInVwZGF0ZSI6MTIwMDAwMDAwMDAwMH19",
          "dependencies": [
            "google_project_service.required_apis"
          ]
        }
      ]
    },
    {
      "mode": "managed",
      "type": "google_vertex_ai_index_endpoint_deployed_index",
      "name": "deployed_index",
      "provider": "provider[\"registry.terraform.io/hashicorp/google\"]",
      "instances": [
        {
          "schema_version": 0,
          "attributes": {
            "automatic_resources": [],
            "create_time": "2025-02-26T14:54:41.488128Z",
            "dedicated_resources": [
              {
                "machine_spec": [
                  {
                    "machine_type": "e2-standard-2"
                  }
                ],
                "max_replica_count": 1,
                "min_replica_count": 1
              }
            ],
            "deployed_index_auth_config": [],
            "deployed_index_id": "deployed_index_discourse_topics_index",
            "deployment_group": "default",
            "display_name": "Deployed discourse-topics-index",
            "enable_access_logging": false,
            "id": "projects/digitaldemocracy2030/locations/asia-northeast1/indexEndpoints/2874440054355263488/deployedIndex/deployed_index_discourse_topics_index",
            "index": "projects/756967799775/locations/asia-northeast1/indexes/5099253454648377344",
            "index_endpoint": "projects/digitaldemocracy2030/locations/asia-northeast1/indexEndpoints/2874440054355263488",
            "index_sync_time": "2025-03-05T07:44:38.378206Z",
            "name": "",
            "private_endpoints": [],
            "reserved_ip_ranges": [],
            "timeouts": null
          },
          "sensitive_attributes": [],
          "private": "eyJlMmJmYjczMC1lY2FhLTExZTYtOGY4OC0zNDM2M2JjN2M0YzAiOnsiY3JlYXRlIjoyNzAwMDAwMDAwMDAwLCJkZWxldGUiOjEyMDAwMDAwMDAwMDAsInVwZGF0ZSI6MjcwMDAwMDAwMDAwMH19",
          "dependencies": [
            "google_project_service.required_apis",
            "google_storage_bucket.vector_search_bucket",
            "google_vertex_ai_index.vector_search_index",
            "google_vertex_ai_index_endpoint.vector_search_endpoint"
          ]
        }
      ]
    },
    {
      "mode": "managed",
      "type": "google_vpc_access_connector",
      "name": "connector",
      "provider": "provider[\"registry.terraform.io/hashicorp/google\"]",
      "instances": [
        {
          "schema_version": 0,
          "attributes": {
            "connected_projects": [
              "digitaldemocracy2030"
            ],
            "id": "projects/digitaldemocracy2030/locations/asia-northeast1/connectors/cloud-run-connector",
            "ip_cidr_range": "10.8.0.0/28",
            "machine_type": "e2-micro",
            "max_instances": 3,
            "max_throughput": 300,
            "min_instances": 2,
            "min_throughput": 200,
            "name": "cloud-run-connector",
            "network": "cloud-run-vpc",
            "project": "digitaldemocracy2030",
            "region": "asia-northeast1",
            "self_link": "projects/digitaldemocracy2030/locations/asia-northeast1/connectors/cloud-run-connector",
            "state": "READY",
            "subnet": [],
            "timeouts": null
          },
          "sensitive_attributes": [],
          "private": "eyJlMmJmYjczMC1lY2FhLTExZTYtOGY4OC0zNDM2M2JjN2M0YzAiOnsiY3JlYXRlIjoxMjAwMDAwMDAwMDAwLCJkZWxldGUiOjEyMDAwMDAwMDAwMDB9fQ==",
          "dependencies": [
            "google_compute_network.vpc",
            "google_project_service.required_apis"
          ]
        }
      ]
    }
  ],
  "check_results": null
}
